// !$*UTF8*$!
{
	archiveVersion = 1;
	classes = {
	};
	objectVersion = 50;
	objects = {

/* Begin PBXBuildFile section */
		DE44DFC924BF077A00F46B2C /* Pinger+Pong.swift in Sources */ = {isa = PBXBuildFile; fileRef = DE44DFC824BF077A00F46B2C /* Pinger+Pong.swift */; };
		DE44DFCB24BF07A300F46B2C /* Pinger+Settings.swift in Sources */ = {isa = PBXBuildFile; fileRef = DE44DFCA24BF07A300F46B2C /* Pinger+Settings.swift */; };
		DE44DFCD24BF07B700F46B2C /* Pinger+TimeBounds.swift in Sources */ = {isa = PBXBuildFile; fileRef = DE44DFCC24BF07B700F46B2C /* Pinger+TimeBounds.swift */; };
		DE44DFCF24BF07CF00F46B2C /* Pinger+Status.swift in Sources */ = {isa = PBXBuildFile; fileRef = DE44DFCE24BF07CF00F46B2C /* Pinger+Status.swift */; };
		DE44DFD124BF07D700F46B2C /* Pinger+Speed.swift in Sources */ = {isa = PBXBuildFile; fileRef = DE44DFD024BF07D700F46B2C /* Pinger+Speed.swift */; };
		DE44DFD924BF09E100F46B2C /* AppDelegate.swift in Sources */ = {isa = PBXBuildFile; fileRef = DE44DFD824BF09E100F46B2C /* AppDelegate.swift */; };
		DE44DFE024BF09E400F46B2C /* Preview Assets.xcassets in Resources */ = {isa = PBXBuildFile; fileRef = DE44DFDF24BF09E400F46B2C /* Preview Assets.xcassets */; };
		DE44DFE324BF09E400F46B2C /* Main.storyboard in Resources */ = {isa = PBXBuildFile; fileRef = DE44DFE124BF09E400F46B2C /* Main.storyboard */; };
		DE44DFEA24BF0E3800F46B2C /* PingBuddyLauncher.app in Copy Files */ = {isa = PBXBuildFile; fileRef = DE44DFD624BF09E100F46B2C /* PingBuddyLauncher.app */; settings = {ATTRIBUTES = (RemoveHeadersOnCopy, ); }; };
		DE44DFED24BF0E6500F46B2C /* ServiceManagement.framework in Frameworks */ = {isa = PBXBuildFile; fileRef = DE44DFEC24BF0E6500F46B2C /* ServiceManagement.framework */; };
		DE44DFF024BF0FBA00F46B2C /* LauncherManager.swift in Sources */ = {isa = PBXBuildFile; fileRef = DE44DFEF24BF0FBA00F46B2C /* LauncherManager.swift */; };
		DE44DFF724BF11EC00F46B2C /* Notification+Name-Comms.swift in Sources */ = {isa = PBXBuildFile; fileRef = DE44DFF624BF11EC00F46B2C /* Notification+Name-Comms.swift */; };
		DE44DFF824BF11EC00F46B2C /* Notification+Name-Comms.swift in Sources */ = {isa = PBXBuildFile; fileRef = DE44DFF624BF11EC00F46B2C /* Notification+Name-Comms.swift */; };
		DE44DFFA24BF125400F46B2C /* Launcher.swift in Sources */ = {isa = PBXBuildFile; fileRef = DE44DFF924BF125400F46B2C /* Launcher.swift */; };
		DE44DFFB24BF125400F46B2C /* Launcher.swift in Sources */ = {isa = PBXBuildFile; fileRef = DE44DFF924BF125400F46B2C /* Launcher.swift */; };
		DE7F31B024BC500900F9A8B5 /* Pinger.swift in Sources */ = {isa = PBXBuildFile; fileRef = DE7F31AF24BC500900F9A8B5 /* Pinger.swift */; };
		DE7F31B224BC685300F9A8B5 /* UserDefaults+has.swift in Sources */ = {isa = PBXBuildFile; fileRef = DE7F31B124BC685300F9A8B5 /* UserDefaults+has.swift */; };
		DE7F31B624BC99D200F9A8B5 /* NSStatusItem+update.swift in Sources */ = {isa = PBXBuildFile; fileRef = DE7F31B524BC99D200F9A8B5 /* NSStatusItem+update.swift */; };
		DE85A47024BDB7B800251A63 /* UserDefault+Settings.swift in Sources */ = {isa = PBXBuildFile; fileRef = DE85A46F24BDB7B800251A63 /* UserDefault+Settings.swift */; };
		DE94EB3124B6081E00D5621F /* AppDelegate.swift in Sources */ = {isa = PBXBuildFile; fileRef = DE94EB3024B6081E00D5621F /* AppDelegate.swift */; };
		DE94EB3324B6081E00D5621F /* ContentView.swift in Sources */ = {isa = PBXBuildFile; fileRef = DE94EB3224B6081E00D5621F /* ContentView.swift */; };
		DE94EB3524B6082400D5621F /* Assets.xcassets in Resources */ = {isa = PBXBuildFile; fileRef = DE94EB3424B6082400D5621F /* Assets.xcassets */; };
		DE94EB3824B6082400D5621F /* Preview Assets.xcassets in Resources */ = {isa = PBXBuildFile; fileRef = DE94EB3724B6082400D5621F /* Preview Assets.xcassets */; };
		DE94EB3B24B6082400D5621F /* Main.storyboard in Resources */ = {isa = PBXBuildFile; fileRef = DE94EB3924B6082400D5621F /* Main.storyboard */; };
		DE94EB4724B6082500D5621F /* PingBuddyTests.swift in Sources */ = {isa = PBXBuildFile; fileRef = DE94EB4624B6082500D5621F /* PingBuddyTests.swift */; };
		DE94EB5224B6082500D5621F /* PingBuddyUITests.swift in Sources */ = {isa = PBXBuildFile; fileRef = DE94EB5124B6082500D5621F /* PingBuddyUITests.swift */; };
		DE94EB6124B6196C00D5621F /* PlainSettingsVM.swift in Sources */ = {isa = PBXBuildFile; fileRef = DE94EB6024B6196C00D5621F /* PlainSettingsVM.swift */; };
		DE94EB6324B61E1800D5621F /* DefaultsSettingsVM.swift in Sources */ = {isa = PBXBuildFile; fileRef = DE94EB6224B61E1800D5621F /* DefaultsSettingsVM.swift */; };
		DE94EB6624B6209A00D5621F /* SwiftyPing.swift in Sources */ = {isa = PBXBuildFile; fileRef = DE94EB6524B6209A00D5621F /* SwiftyPing.swift */; };
		DE94EB6924B622F400D5621F /* PingerVM.swift in Sources */ = {isa = PBXBuildFile; fileRef = DE94EB6824B622F400D5621F /* PingerVM.swift */; };
		DE94EB6B24B72ACB00D5621F /* SettingsView.swift in Sources */ = {isa = PBXBuildFile; fileRef = DE94EB6A24B72ACB00D5621F /* SettingsView.swift */; };
		DE94EB6D24B72BBB00D5621F /* StatusView.swift in Sources */ = {isa = PBXBuildFile; fileRef = DE94EB6C24B72BBB00D5621F /* StatusView.swift */; };
		DE94EB6F24B72D2900D5621F /* ToolbarView.swift in Sources */ = {isa = PBXBuildFile; fileRef = DE94EB6E24B72D2900D5621F /* ToolbarView.swift */; };
/* End PBXBuildFile section */

/* Begin PBXContainerItemProxy section */
		DE94EB4324B6082500D5621F /* PBXContainerItemProxy */ = {
			isa = PBXContainerItemProxy;
			containerPortal = DE94EB2524B6081E00D5621F /* Project object */;
			proxyType = 1;
			remoteGlobalIDString = DE94EB2C24B6081E00D5621F;
			remoteInfo = PingBuddy;
		};
		DE94EB4E24B6082500D5621F /* PBXContainerItemProxy */ = {
			isa = PBXContainerItemProxy;
			containerPortal = DE94EB2524B6081E00D5621F /* Project object */;
			proxyType = 1;
			remoteGlobalIDString = DE94EB2C24B6081E00D5621F;
			remoteInfo = PingBuddy;
		};
/* End PBXContainerItemProxy section */

/* Begin PBXCopyFilesBuildPhase section */
		DE44DFE924BF0B4200F46B2C /* Copy Files */ = {
			isa = PBXCopyFilesBuildPhase;
			buildActionMask = 2147483647;
			dstPath = Contents/Library/LoginItems;
			dstSubfolderSpec = 1;
			files = (
				DE44DFEA24BF0E3800F46B2C /* PingBuddyLauncher.app in Copy Files */,
			);
			name = "Copy Files";
			runOnlyForDeploymentPostprocessing = 0;
		};
/* End PBXCopyFilesBuildPhase section */

/* Begin PBXFileReference section */
		DE44DFC824BF077A00F46B2C /* Pinger+Pong.swift */ = {isa = PBXFileReference; lastKnownFileType = sourcecode.swift; path = "Pinger+Pong.swift"; sourceTree = "<group>"; };
		DE44DFCA24BF07A300F46B2C /* Pinger+Settings.swift */ = {isa = PBXFileReference; lastKnownFileType = sourcecode.swift; path = "Pinger+Settings.swift"; sourceTree = "<group>"; };
		DE44DFCC24BF07B700F46B2C /* Pinger+TimeBounds.swift */ = {isa = PBXFileReference; lastKnownFileType = sourcecode.swift; path = "Pinger+TimeBounds.swift"; sourceTree = "<group>"; };
		DE44DFCE24BF07CF00F46B2C /* Pinger+Status.swift */ = {isa = PBXFileReference; lastKnownFileType = sourcecode.swift; path = "Pinger+Status.swift"; sourceTree = "<group>"; };
		DE44DFD024BF07D700F46B2C /* Pinger+Speed.swift */ = {isa = PBXFileReference; lastKnownFileType = sourcecode.swift; path = "Pinger+Speed.swift"; sourceTree = "<group>"; };
		DE44DFD624BF09E100F46B2C /* PingBuddyLauncher.app */ = {isa = PBXFileReference; explicitFileType = wrapper.application; includeInIndex = 0; path = PingBuddyLauncher.app; sourceTree = BUILT_PRODUCTS_DIR; };
		DE44DFD824BF09E100F46B2C /* AppDelegate.swift */ = {isa = PBXFileReference; lastKnownFileType = sourcecode.swift; path = AppDelegate.swift; sourceTree = "<group>"; };
		DE44DFDF24BF09E400F46B2C /* Preview Assets.xcassets */ = {isa = PBXFileReference; lastKnownFileType = folder.assetcatalog; path = "Preview Assets.xcassets"; sourceTree = "<group>"; };
		DE44DFE224BF09E400F46B2C /* Base */ = {isa = PBXFileReference; lastKnownFileType = file.storyboard; name = Base; path = Base.lproj/Main.storyboard; sourceTree = "<group>"; };
		DE44DFE424BF09E400F46B2C /* Info.plist */ = {isa = PBXFileReference; lastKnownFileType = text.plist.xml; path = Info.plist; sourceTree = "<group>"; };
		DE44DFE524BF09E400F46B2C /* PingBuddyLauncher.entitlements */ = {isa = PBXFileReference; lastKnownFileType = text.plist.entitlements; path = PingBuddyLauncher.entitlements; sourceTree = "<group>"; };
		DE44DFEC24BF0E6500F46B2C /* ServiceManagement.framework */ = {isa = PBXFileReference; lastKnownFileType = wrapper.framework; name = ServiceManagement.framework; path = System/Library/Frameworks/ServiceManagement.framework; sourceTree = SDKROOT; };
		DE44DFEF24BF0FBA00F46B2C /* LauncherManager.swift */ = {isa = PBXFileReference; lastKnownFileType = sourcecode.swift; path = LauncherManager.swift; sourceTree = "<group>"; };
		DE44DFF624BF11EC00F46B2C /* Notification+Name-Comms.swift */ = {isa = PBXFileReference; lastKnownFileType = sourcecode.swift; path = "Notification+Name-Comms.swift"; sourceTree = "<group>"; };
		DE44DFF924BF125400F46B2C /* Launcher.swift */ = {isa = PBXFileReference; lastKnownFileType = sourcecode.swift; path = Launcher.swift; sourceTree = "<group>"; };
		DE7F31AF24BC500900F9A8B5 /* Pinger.swift */ = {isa = PBXFileReference; lastKnownFileType = sourcecode.swift; path = Pinger.swift; sourceTree = "<group>"; };
		DE7F31B124BC685300F9A8B5 /* UserDefaults+has.swift */ = {isa = PBXFileReference; lastKnownFileType = sourcecode.swift; path = "UserDefaults+has.swift"; sourceTree = "<group>"; };
		DE7F31B524BC99D200F9A8B5 /* NSStatusItem+update.swift */ = {isa = PBXFileReference; lastKnownFileType = sourcecode.swift; path = "NSStatusItem+update.swift"; sourceTree = "<group>"; };
		DE85A46F24BDB7B800251A63 /* UserDefault+Settings.swift */ = {isa = PBXFileReference; lastKnownFileType = sourcecode.swift; path = "UserDefault+Settings.swift"; sourceTree = "<group>"; };
		DE94EB2D24B6081E00D5621F /* PingBuddy.app */ = {isa = PBXFileReference; explicitFileType = wrapper.application; includeInIndex = 0; path = PingBuddy.app; sourceTree = BUILT_PRODUCTS_DIR; };
		DE94EB3024B6081E00D5621F /* AppDelegate.swift */ = {isa = PBXFileReference; lastKnownFileType = sourcecode.swift; path = AppDelegate.swift; sourceTree = "<group>"; };
		DE94EB3224B6081E00D5621F /* ContentView.swift */ = {isa = PBXFileReference; lastKnownFileType = sourcecode.swift; path = ContentView.swift; sourceTree = "<group>"; };
		DE94EB3424B6082400D5621F /* Assets.xcassets */ = {isa = PBXFileReference; lastKnownFileType = folder.assetcatalog; path = Assets.xcassets; sourceTree = "<group>"; };
		DE94EB3724B6082400D5621F /* Preview Assets.xcassets */ = {isa = PBXFileReference; lastKnownFileType = folder.assetcatalog; path = "Preview Assets.xcassets"; sourceTree = "<group>"; };
		DE94EB3A24B6082400D5621F /* Base */ = {isa = PBXFileReference; lastKnownFileType = file.storyboard; name = Base; path = Base.lproj/Main.storyboard; sourceTree = "<group>"; };
		DE94EB3C24B6082400D5621F /* Info.plist */ = {isa = PBXFileReference; lastKnownFileType = text.plist.xml; path = Info.plist; sourceTree = "<group>"; };
		DE94EB3D24B6082400D5621F /* PingBuddy.entitlements */ = {isa = PBXFileReference; lastKnownFileType = text.plist.entitlements; path = PingBuddy.entitlements; sourceTree = "<group>"; };
		DE94EB4224B6082500D5621F /* PingBuddyTests.xctest */ = {isa = PBXFileReference; explicitFileType = wrapper.cfbundle; includeInIndex = 0; path = PingBuddyTests.xctest; sourceTree = BUILT_PRODUCTS_DIR; };
		DE94EB4624B6082500D5621F /* PingBuddyTests.swift */ = {isa = PBXFileReference; lastKnownFileType = sourcecode.swift; path = PingBuddyTests.swift; sourceTree = "<group>"; };
		DE94EB4824B6082500D5621F /* Info.plist */ = {isa = PBXFileReference; lastKnownFileType = text.plist.xml; path = Info.plist; sourceTree = "<group>"; };
		DE94EB4D24B6082500D5621F /* PingBuddyUITests.xctest */ = {isa = PBXFileReference; explicitFileType = wrapper.cfbundle; includeInIndex = 0; path = PingBuddyUITests.xctest; sourceTree = BUILT_PRODUCTS_DIR; };
		DE94EB5124B6082500D5621F /* PingBuddyUITests.swift */ = {isa = PBXFileReference; lastKnownFileType = sourcecode.swift; path = PingBuddyUITests.swift; sourceTree = "<group>"; };
		DE94EB5324B6082500D5621F /* Info.plist */ = {isa = PBXFileReference; lastKnownFileType = text.plist.xml; path = Info.plist; sourceTree = "<group>"; };
		DE94EB6024B6196C00D5621F /* PlainSettingsVM.swift */ = {isa = PBXFileReference; lastKnownFileType = sourcecode.swift; path = PlainSettingsVM.swift; sourceTree = "<group>"; };
		DE94EB6224B61E1800D5621F /* DefaultsSettingsVM.swift */ = {isa = PBXFileReference; lastKnownFileType = sourcecode.swift; path = DefaultsSettingsVM.swift; sourceTree = "<group>"; };
		DE94EB6524B6209A00D5621F /* SwiftyPing.swift */ = {isa = PBXFileReference; lastKnownFileType = sourcecode.swift; path = SwiftyPing.swift; sourceTree = "<group>"; };
		DE94EB6824B622F400D5621F /* PingerVM.swift */ = {isa = PBXFileReference; lastKnownFileType = sourcecode.swift; path = PingerVM.swift; sourceTree = "<group>"; };
		DE94EB6A24B72ACB00D5621F /* SettingsView.swift */ = {isa = PBXFileReference; lastKnownFileType = sourcecode.swift; path = SettingsView.swift; sourceTree = "<group>"; };
		DE94EB6C24B72BBB00D5621F /* StatusView.swift */ = {isa = PBXFileReference; lastKnownFileType = sourcecode.swift; path = StatusView.swift; sourceTree = "<group>"; };
		DE94EB6E24B72D2900D5621F /* ToolbarView.swift */ = {isa = PBXFileReference; lastKnownFileType = sourcecode.swift; path = ToolbarView.swift; sourceTree = "<group>"; };
/* End PBXFileReference section */

/* Begin PBXFrameworksBuildPhase section */
		DE44DFD324BF09E100F46B2C /* Frameworks */ = {
			isa = PBXFrameworksBuildPhase;
			buildActionMask = 2147483647;
			files = (
			);
			runOnlyForDeploymentPostprocessing = 0;
		};
		DE94EB2A24B6081E00D5621F /* Frameworks */ = {
			isa = PBXFrameworksBuildPhase;
			buildActionMask = 2147483647;
			files = (
				DE44DFED24BF0E6500F46B2C /* ServiceManagement.framework in Frameworks */,
			);
			runOnlyForDeploymentPostprocessing = 0;
		};
		DE94EB3F24B6082500D5621F /* Frameworks */ = {
			isa = PBXFrameworksBuildPhase;
			buildActionMask = 2147483647;
			files = (
			);
			runOnlyForDeploymentPostprocessing = 0;
		};
		DE94EB4A24B6082500D5621F /* Frameworks */ = {
			isa = PBXFrameworksBuildPhase;
			buildActionMask = 2147483647;
			files = (
			);
			runOnlyForDeploymentPostprocessing = 0;
		};
/* End PBXFrameworksBuildPhase section */

/* Begin PBXGroup section */
		DE44DFD724BF09E100F46B2C /* PingBuddyLauncher */ = {
			isa = PBXGroup;
			children = (
				DE44DFD824BF09E100F46B2C /* AppDelegate.swift */,
				DE44DFF924BF125400F46B2C /* Launcher.swift */,
				DE44DFE124BF09E400F46B2C /* Main.storyboard */,
				DE44DFE424BF09E400F46B2C /* Info.plist */,
				DE44DFE524BF09E400F46B2C /* PingBuddyLauncher.entitlements */,
				DE44DFDE24BF09E400F46B2C /* Preview Content */,
			);
			path = PingBuddyLauncher;
			sourceTree = "<group>";
		};
		DE44DFDE24BF09E400F46B2C /* Preview Content */ = {
			isa = PBXGroup;
			children = (
				DE44DFDF24BF09E400F46B2C /* Preview Assets.xcassets */,
			);
			path = "Preview Content";
			sourceTree = "<group>";
		};
		DE44DFEB24BF0E6500F46B2C /* Frameworks */ = {
			isa = PBXGroup;
			children = (
				DE44DFEC24BF0E6500F46B2C /* ServiceManagement.framework */,
			);
			name = Frameworks;
			sourceTree = "<group>";
		};
		DE44DFF524BF11C400F46B2C /* Shared */ = {
			isa = PBXGroup;
			children = (
				DE44DFF624BF11EC00F46B2C /* Notification+Name-Comms.swift */,
			);
			path = Shared;
			sourceTree = "<group>";
		};
		DE44DFFC24BF153A00F46B2C /* vendor */ = {
			isa = PBXGroup;
			children = (
				DE94EB6524B6209A00D5621F /* SwiftyPing.swift */,
			);
			path = vendor;
			sourceTree = "<group>";
		};
		DE94EB2424B6081E00D5621F = {
			isa = PBXGroup;
			children = (
				DE94EB2F24B6081E00D5621F /* PingBuddy */,
				DE44DFD724BF09E100F46B2C /* PingBuddyLauncher */,
				DE44DFF524BF11C400F46B2C /* Shared */,
				DE94EB4524B6082500D5621F /* PingBuddyTests */,
				DE94EB5024B6082500D5621F /* PingBuddyUITests */,
				DE94EB2E24B6081E00D5621F /* Products */,
				DE44DFEB24BF0E6500F46B2C /* Frameworks */,
			);
			sourceTree = "<group>";
		};
		DE94EB2E24B6081E00D5621F /* Products */ = {
			isa = PBXGroup;
			children = (
				DE94EB2D24B6081E00D5621F /* PingBuddy.app */,
				DE94EB4224B6082500D5621F /* PingBuddyTests.xctest */,
				DE94EB4D24B6082500D5621F /* PingBuddyUITests.xctest */,
				DE44DFD624BF09E100F46B2C /* PingBuddyLauncher.app */,
			);
			name = Products;
			sourceTree = "<group>";
		};
		DE94EB2F24B6081E00D5621F /* PingBuddy */ = {
			isa = PBXGroup;
			children = (
				DE94EB6724B622D500D5621F /* model */,
				DE94EB6424B6209000D5621F /* support */,
				DE94EB5F24B60BA600D5621F /* ui */,
				DE94EB3024B6081E00D5621F /* AppDelegate.swift */,
				DE94EB3924B6082400D5621F /* Main.storyboard */,
				DE94EB3C24B6082400D5621F /* Info.plist */,
				DE94EB3D24B6082400D5621F /* PingBuddy.entitlements */,
				DE94EB3624B6082400D5621F /* Preview Content */,
			);
			path = PingBuddy;
			sourceTree = "<group>";
		};
		DE94EB3624B6082400D5621F /* Preview Content */ = {
			isa = PBXGroup;
			children = (
				DE94EB3724B6082400D5621F /* Preview Assets.xcassets */,
			);
			path = "Preview Content";
			sourceTree = "<group>";
		};
		DE94EB4524B6082500D5621F /* PingBuddyTests */ = {
			isa = PBXGroup;
			children = (
				DE94EB4624B6082500D5621F /* PingBuddyTests.swift */,
				DE94EB4824B6082500D5621F /* Info.plist */,
			);
			path = PingBuddyTests;
			sourceTree = "<group>";
		};
		DE94EB5024B6082500D5621F /* PingBuddyUITests */ = {
			isa = PBXGroup;
			children = (
				DE94EB5124B6082500D5621F /* PingBuddyUITests.swift */,
				DE94EB5324B6082500D5621F /* Info.plist */,
			);
			path = PingBuddyUITests;
			sourceTree = "<group>";
		};
		DE94EB5F24B60BA600D5621F /* ui */ = {
			isa = PBXGroup;
			children = (
				DE94EB3424B6082400D5621F /* Assets.xcassets */,
				DE94EB3224B6081E00D5621F /* ContentView.swift */,
				DE94EB6E24B72D2900D5621F /* ToolbarView.swift */,
				DE94EB6C24B72BBB00D5621F /* StatusView.swift */,
				DE94EB6A24B72ACB00D5621F /* SettingsView.swift */,
			);
			path = ui;
			sourceTree = "<group>";
		};
		DE94EB6424B6209000D5621F /* support */ = {
			isa = PBXGroup;
			children = (
				DE44DFFC24BF153A00F46B2C /* vendor */,
				DE44DFEF24BF0FBA00F46B2C /* LauncherManager.swift */,
				DE7F31AF24BC500900F9A8B5 /* Pinger.swift */,
				DE44DFD024BF07D700F46B2C /* Pinger+Speed.swift */,
				DE44DFCE24BF07CF00F46B2C /* Pinger+Status.swift */,
				DE44DFCC24BF07B700F46B2C /* Pinger+TimeBounds.swift */,
				DE44DFCA24BF07A300F46B2C /* Pinger+Settings.swift */,
				DE44DFC824BF077A00F46B2C /* Pinger+Pong.swift */,
				DE7F31B124BC685300F9A8B5 /* UserDefaults+has.swift */,
				DE7F31B524BC99D200F9A8B5 /* NSStatusItem+update.swift */,
				DE85A46F24BDB7B800251A63 /* UserDefault+Settings.swift */,
			);
			path = support;
			sourceTree = "<group>";
		};
		DE94EB6724B622D500D5621F /* model */ = {
			isa = PBXGroup;
			children = (
				DE94EB6224B61E1800D5621F /* DefaultsSettingsVM.swift */,
				DE94EB6024B6196C00D5621F /* PlainSettingsVM.swift */,
				DE94EB6824B622F400D5621F /* PingerVM.swift */,
			);
			path = model;
			sourceTree = "<group>";
		};
/* End PBXGroup section */

/* Begin PBXNativeTarget section */
		DE44DFD524BF09E100F46B2C /* PingBuddyLauncher */ = {
			isa = PBXNativeTarget;
			buildConfigurationList = DE44DFE624BF09E400F46B2C /* Build configuration list for PBXNativeTarget "PingBuddyLauncher" */;
			buildPhases = (
				DE44DFD224BF09E100F46B2C /* Sources */,
				DE44DFD324BF09E100F46B2C /* Frameworks */,
				DE44DFD424BF09E100F46B2C /* Resources */,
			);
			buildRules = (
			);
			dependencies = (
			);
			name = PingBuddyLauncher;
			productName = PingBuddyLauncher;
			productReference = DE44DFD624BF09E100F46B2C /* PingBuddyLauncher.app */;
			productType = "com.apple.product-type.application";
		};
		DE94EB2C24B6081E00D5621F /* PingBuddy */ = {
			isa = PBXNativeTarget;
			buildConfigurationList = DE94EB5624B6082500D5621F /* Build configuration list for PBXNativeTarget "PingBuddy" */;
			buildPhases = (
				DE94EB2924B6081E00D5621F /* Sources */,
				DE94EB2A24B6081E00D5621F /* Frameworks */,
				DE94EB2B24B6081E00D5621F /* Resources */,
				DE44DFE924BF0B4200F46B2C /* Copy Files */,
			);
			buildRules = (
			);
			dependencies = (
			);
			name = PingBuddy;
			productName = PingBuddy;
			productReference = DE94EB2D24B6081E00D5621F /* PingBuddy.app */;
			productType = "com.apple.product-type.application";
		};
		DE94EB4124B6082500D5621F /* PingBuddyTests */ = {
			isa = PBXNativeTarget;
			buildConfigurationList = DE94EB5924B6082500D5621F /* Build configuration list for PBXNativeTarget "PingBuddyTests" */;
			buildPhases = (
				DE94EB3E24B6082500D5621F /* Sources */,
				DE94EB3F24B6082500D5621F /* Frameworks */,
				DE94EB4024B6082500D5621F /* Resources */,
			);
			buildRules = (
			);
			dependencies = (
				DE94EB4424B6082500D5621F /* PBXTargetDependency */,
			);
			name = PingBuddyTests;
			productName = PingBuddyTests;
			productReference = DE94EB4224B6082500D5621F /* PingBuddyTests.xctest */;
			productType = "com.apple.product-type.bundle.unit-test";
		};
		DE94EB4C24B6082500D5621F /* PingBuddyUITests */ = {
			isa = PBXNativeTarget;
			buildConfigurationList = DE94EB5C24B6082500D5621F /* Build configuration list for PBXNativeTarget "PingBuddyUITests" */;
			buildPhases = (
				DE94EB4924B6082500D5621F /* Sources */,
				DE94EB4A24B6082500D5621F /* Frameworks */,
				DE94EB4B24B6082500D5621F /* Resources */,
			);
			buildRules = (
			);
			dependencies = (
				DE94EB4F24B6082500D5621F /* PBXTargetDependency */,
			);
			name = PingBuddyUITests;
			productName = PingBuddyUITests;
			productReference = DE94EB4D24B6082500D5621F /* PingBuddyUITests.xctest */;
			productType = "com.apple.product-type.bundle.ui-testing";
		};
/* End PBXNativeTarget section */

/* Begin PBXProject section */
		DE94EB2524B6081E00D5621F /* Project object */ = {
			isa = PBXProject;
			attributes = {
				LastSwiftUpdateCheck = 1130;
				LastUpgradeCheck = 1130;
				ORGANIZATIONNAME = "Stefan Horner";
				TargetAttributes = {
					DE44DFD524BF09E100F46B2C = {
						CreatedOnToolsVersion = 11.3;
					};
					DE94EB2C24B6081E00D5621F = {
						CreatedOnToolsVersion = 11.3;
					};
					DE94EB4124B6082500D5621F = {
						CreatedOnToolsVersion = 11.3;
						TestTargetID = DE94EB2C24B6081E00D5621F;
					};
					DE94EB4C24B6082500D5621F = {
						CreatedOnToolsVersion = 11.3;
						TestTargetID = DE94EB2C24B6081E00D5621F;
					};
				};
			};
			buildConfigurationList = DE94EB2824B6081E00D5621F /* Build configuration list for PBXProject "PingBuddy" */;
			compatibilityVersion = "Xcode 9.3";
			developmentRegion = en;
			hasScannedForEncodings = 0;
			knownRegions = (
				en,
				Base,
			);
			mainGroup = DE94EB2424B6081E00D5621F;
			productRefGroup = DE94EB2E24B6081E00D5621F /* Products */;
			projectDirPath = "";
			projectRoot = "";
			targets = (
				DE94EB2C24B6081E00D5621F /* PingBuddy */,
				DE44DFD524BF09E100F46B2C /* PingBuddyLauncher */,
				DE94EB4124B6082500D5621F /* PingBuddyTests */,
				DE94EB4C24B6082500D5621F /* PingBuddyUITests */,
			);
		};
/* End PBXProject section */

/* Begin PBXResourcesBuildPhase section */
		DE44DFD424BF09E100F46B2C /* Resources */ = {
			isa = PBXResourcesBuildPhase;
			buildActionMask = 2147483647;
			files = (
				DE44DFE324BF09E400F46B2C /* Main.storyboard in Resources */,
				DE44DFE024BF09E400F46B2C /* Preview Assets.xcassets in Resources */,
			);
			runOnlyForDeploymentPostprocessing = 0;
		};
		DE94EB2B24B6081E00D5621F /* Resources */ = {
			isa = PBXResourcesBuildPhase;
			buildActionMask = 2147483647;
			files = (
				DE94EB3B24B6082400D5621F /* Main.storyboard in Resources */,
				DE94EB3824B6082400D5621F /* Preview Assets.xcassets in Resources */,
				DE94EB3524B6082400D5621F /* Assets.xcassets in Resources */,
			);
			runOnlyForDeploymentPostprocessing = 0;
		};
		DE94EB4024B6082500D5621F /* Resources */ = {
			isa = PBXResourcesBuildPhase;
			buildActionMask = 2147483647;
			files = (
			);
			runOnlyForDeploymentPostprocessing = 0;
		};
		DE94EB4B24B6082500D5621F /* Resources */ = {
			isa = PBXResourcesBuildPhase;
			buildActionMask = 2147483647;
			files = (
			);
			runOnlyForDeploymentPostprocessing = 0;
		};
/* End PBXResourcesBuildPhase section */

/* Begin PBXSourcesBuildPhase section */
		DE44DFD224BF09E100F46B2C /* Sources */ = {
			isa = PBXSourcesBuildPhase;
			buildActionMask = 2147483647;
			files = (
				DE44DFD924BF09E100F46B2C /* AppDelegate.swift in Sources */,
				DE44DFFB24BF125400F46B2C /* Launcher.swift in Sources */,
				DE44DFF824BF11EC00F46B2C /* Notification+Name-Comms.swift in Sources */,
			);
			runOnlyForDeploymentPostprocessing = 0;
		};
		DE94EB2924B6081E00D5621F /* Sources */ = {
			isa = PBXSourcesBuildPhase;
			buildActionMask = 2147483647;
			files = (
				DE44DFD124BF07D700F46B2C /* Pinger+Speed.swift in Sources */,
				DE94EB6B24B72ACB00D5621F /* SettingsView.swift in Sources */,
				DE94EB3324B6081E00D5621F /* ContentView.swift in Sources */,
				DE44DFF024BF0FBA00F46B2C /* LauncherManager.swift in Sources */,
				DE94EB6F24B72D2900D5621F /* ToolbarView.swift in Sources */,
				DE94EB6D24B72BBB00D5621F /* StatusView.swift in Sources */,
				DE94EB3124B6081E00D5621F /* AppDelegate.swift in Sources */,
				DE94EB6624B6209A00D5621F /* SwiftyPing.swift in Sources */,
				DE7F31B024BC500900F9A8B5 /* Pinger.swift in Sources */,
				DE85A47024BDB7B800251A63 /* UserDefault+Settings.swift in Sources */,
				DE7F31B224BC685300F9A8B5 /* UserDefaults+has.swift in Sources */,
				DE94EB6924B622F400D5621F /* PingerVM.swift in Sources */,
				DE94EB6124B6196C00D5621F /* PlainSettingsVM.swift in Sources */,
				DE44DFF724BF11EC00F46B2C /* Notification+Name-Comms.swift in Sources */,
				DE7F31B624BC99D200F9A8B5 /* NSStatusItem+update.swift in Sources */,
				DE44DFCD24BF07B700F46B2C /* Pinger+TimeBounds.swift in Sources */,
				DE44DFCF24BF07CF00F46B2C /* Pinger+Status.swift in Sources */,
				DE44DFC924BF077A00F46B2C /* Pinger+Pong.swift in Sources */,
				DE44DFCB24BF07A300F46B2C /* Pinger+Settings.swift in Sources */,
				DE44DFFA24BF125400F46B2C /* Launcher.swift in Sources */,
				DE94EB6324B61E1800D5621F /* DefaultsSettingsVM.swift in Sources */,
			);
			runOnlyForDeploymentPostprocessing = 0;
		};
		DE94EB3E24B6082500D5621F /* Sources */ = {
			isa = PBXSourcesBuildPhase;
			buildActionMask = 2147483647;
			files = (
				DE94EB4724B6082500D5621F /* PingBuddyTests.swift in Sources */,
			);
			runOnlyForDeploymentPostprocessing = 0;
		};
		DE94EB4924B6082500D5621F /* Sources */ = {
			isa = PBXSourcesBuildPhase;
			buildActionMask = 2147483647;
			files = (
				DE94EB5224B6082500D5621F /* PingBuddyUITests.swift in Sources */,
			);
			runOnlyForDeploymentPostprocessing = 0;
		};
/* End PBXSourcesBuildPhase section */

/* Begin PBXTargetDependency section */
		DE94EB4424B6082500D5621F /* PBXTargetDependency */ = {
			isa = PBXTargetDependency;
			target = DE94EB2C24B6081E00D5621F /* PingBuddy */;
			targetProxy = DE94EB4324B6082500D5621F /* PBXContainerItemProxy */;
		};
		DE94EB4F24B6082500D5621F /* PBXTargetDependency */ = {
			isa = PBXTargetDependency;
			target = DE94EB2C24B6081E00D5621F /* PingBuddy */;
			targetProxy = DE94EB4E24B6082500D5621F /* PBXContainerItemProxy */;
		};
/* End PBXTargetDependency section */

/* Begin PBXVariantGroup section */
		DE44DFE124BF09E400F46B2C /* Main.storyboard */ = {
			isa = PBXVariantGroup;
			children = (
				DE44DFE224BF09E400F46B2C /* Base */,
			);
			name = Main.storyboard;
			sourceTree = "<group>";
		};
		DE94EB3924B6082400D5621F /* Main.storyboard */ = {
			isa = PBXVariantGroup;
			children = (
				DE94EB3A24B6082400D5621F /* Base */,
			);
			name = Main.storyboard;
			sourceTree = "<group>";
		};
/* End PBXVariantGroup section */

/* Begin XCBuildConfiguration section */
		DE44DFE724BF09E400F46B2C /* Debug */ = {
			isa = XCBuildConfiguration;
			buildSettings = {
				ASSETCATALOG_COMPILER_APPICON_NAME = AppIcon;
				CODE_SIGN_ENTITLEMENTS = PingBuddyLauncher/PingBuddyLauncher.entitlements;
				CODE_SIGN_STYLE = Automatic;
				COMBINE_HIDPI_IMAGES = YES;
				DEVELOPMENT_ASSET_PATHS = "\"PingBuddyLauncher/Preview Content\"";
				DEVELOPMENT_TEAM = 8XUBC9X249;
				ENABLE_HARDENED_RUNTIME = YES;
				ENABLE_PREVIEWS = YES;
				INFOPLIST_FILE = PingBuddyLauncher/Info.plist;
				LD_RUNPATH_SEARCH_PATHS = (
					"$(inherited)",
					"@executable_path/../Frameworks",
				);
				MACOSX_DEPLOYMENT_TARGET = 10.15;
				PRODUCT_BUNDLE_IDENTIFIER = com.tlr.PingBuddyLauncher;
				PRODUCT_NAME = "$(TARGET_NAME)";
				SKIP_INSTALL = YES;
				SWIFT_VERSION = 5.0;
			};
			name = Debug;
		};
		DE44DFE824BF09E400F46B2C /* Release */ = {
			isa = XCBuildConfiguration;
			buildSettings = {
				ASSETCATALOG_COMPILER_APPICON_NAME = AppIcon;
				CODE_SIGN_ENTITLEMENTS = PingBuddyLauncher/PingBuddyLauncher.entitlements;
				CODE_SIGN_STYLE = Automatic;
				COMBINE_HIDPI_IMAGES = YES;
				DEVELOPMENT_ASSET_PATHS = "\"PingBuddyLauncher/Preview Content\"";
				DEVELOPMENT_TEAM = 8XUBC9X249;
				ENABLE_HARDENED_RUNTIME = YES;
				ENABLE_PREVIEWS = YES;
				INFOPLIST_FILE = PingBuddyLauncher/Info.plist;
				LD_RUNPATH_SEARCH_PATHS = (
					"$(inherited)",
					"@executable_path/../Frameworks",
				);
				MACOSX_DEPLOYMENT_TARGET = 10.15;
				PRODUCT_BUNDLE_IDENTIFIER = com.tlr.PingBuddyLauncher;
				PRODUCT_NAME = "$(TARGET_NAME)";
				SKIP_INSTALL = YES;
				SWIFT_VERSION = 5.0;
			};
			name = Release;
		};
		DE94EB5424B6082500D5621F /* Debug */ = {
			isa = XCBuildConfiguration;
			buildSettings = {
				ALWAYS_SEARCH_USER_PATHS = NO;
				CLANG_ANALYZER_NONNULL = YES;
				CLANG_ANALYZER_NUMBER_OBJECT_CONVERSION = YES_AGGRESSIVE;
				CLANG_CXX_LANGUAGE_STANDARD = "gnu++14";
				CLANG_CXX_LIBRARY = "libc++";
				CLANG_ENABLE_MODULES = YES;
				CLANG_ENABLE_OBJC_ARC = YES;
				CLANG_ENABLE_OBJC_WEAK = YES;
				CLANG_WARN_BLOCK_CAPTURE_AUTORELEASING = YES;
				CLANG_WARN_BOOL_CONVERSION = YES;
				CLANG_WARN_COMMA = YES;
				CLANG_WARN_CONSTANT_CONVERSION = YES;
				CLANG_WARN_DEPRECATED_OBJC_IMPLEMENTATIONS = YES;
				CLANG_WARN_DIRECT_OBJC_ISA_USAGE = YES_ERROR;
				CLANG_WARN_DOCUMENTATION_COMMENTS = YES;
				CLANG_WARN_EMPTY_BODY = YES;
				CLANG_WARN_ENUM_CONVERSION = YES;
				CLANG_WARN_INFINITE_RECURSION = YES;
				CLANG_WARN_INT_CONVERSION = YES;
				CLANG_WARN_NON_LITERAL_NULL_CONVERSION = YES;
				CLANG_WARN_OBJC_IMPLICIT_RETAIN_SELF = YES;
				CLANG_WARN_OBJC_LITERAL_CONVERSION = YES;
				CLANG_WARN_OBJC_ROOT_CLASS = YES_ERROR;
				CLANG_WARN_RANGE_LOOP_ANALYSIS = YES;
				CLANG_WARN_STRICT_PROTOTYPES = YES;
				CLANG_WARN_SUSPICIOUS_MOVE = YES;
				CLANG_WARN_UNGUARDED_AVAILABILITY = YES_AGGRESSIVE;
				CLANG_WARN_UNREACHABLE_CODE = YES;
				CLANG_WARN__DUPLICATE_METHOD_MATCH = YES;
				COPY_PHASE_STRIP = NO;
				DEBUG_INFORMATION_FORMAT = dwarf;
				ENABLE_STRICT_OBJC_MSGSEND = YES;
				ENABLE_TESTABILITY = YES;
				GCC_C_LANGUAGE_STANDARD = gnu11;
				GCC_DYNAMIC_NO_PIC = NO;
				GCC_NO_COMMON_BLOCKS = YES;
				GCC_OPTIMIZATION_LEVEL = 0;
				GCC_PREPROCESSOR_DEFINITIONS = (
					"DEBUG=1",
					"$(inherited)",
				);
				GCC_WARN_64_TO_32_BIT_CONVERSION = YES;
				GCC_WARN_ABOUT_RETURN_TYPE = YES_ERROR;
				GCC_WARN_UNDECLARED_SELECTOR = YES;
				GCC_WARN_UNINITIALIZED_AUTOS = YES_AGGRESSIVE;
				GCC_WARN_UNUSED_FUNCTION = YES;
				GCC_WARN_UNUSED_VARIABLE = YES;
				MACOSX_DEPLOYMENT_TARGET = 10.15;
				MTL_ENABLE_DEBUG_INFO = INCLUDE_SOURCE;
				MTL_FAST_MATH = YES;
				ONLY_ACTIVE_ARCH = YES;
				SDKROOT = macosx;
				SWIFT_ACTIVE_COMPILATION_CONDITIONS = DEBUG;
				SWIFT_OPTIMIZATION_LEVEL = "-Onone";
			};
			name = Debug;
		};
		DE94EB5524B6082500D5621F /* Release */ = {
			isa = XCBuildConfiguration;
			buildSettings = {
				ALWAYS_SEARCH_USER_PATHS = NO;
				CLANG_ANALYZER_NONNULL = YES;
				CLANG_ANALYZER_NUMBER_OBJECT_CONVERSION = YES_AGGRESSIVE;
				CLANG_CXX_LANGUAGE_STANDARD = "gnu++14";
				CLANG_CXX_LIBRARY = "libc++";
				CLANG_ENABLE_MODULES = YES;
				CLANG_ENABLE_OBJC_ARC = YES;
				CLANG_ENABLE_OBJC_WEAK = YES;
				CLANG_WARN_BLOCK_CAPTURE_AUTORELEASING = YES;
				CLANG_WARN_BOOL_CONVERSION = YES;
				CLANG_WARN_COMMA = YES;
				CLANG_WARN_CONSTANT_CONVERSION = YES;
				CLANG_WARN_DEPRECATED_OBJC_IMPLEMENTATIONS = YES;
				CLANG_WARN_DIRECT_OBJC_ISA_USAGE = YES_ERROR;
				CLANG_WARN_DOCUMENTATION_COMMENTS = YES;
				CLANG_WARN_EMPTY_BODY = YES;
				CLANG_WARN_ENUM_CONVERSION = YES;
				CLANG_WARN_INFINITE_RECURSION = YES;
				CLANG_WARN_INT_CONVERSION = YES;
				CLANG_WARN_NON_LITERAL_NULL_CONVERSION = YES;
				CLANG_WARN_OBJC_IMPLICIT_RETAIN_SELF = YES;
				CLANG_WARN_OBJC_LITERAL_CONVERSION = YES;
				CLANG_WARN_OBJC_ROOT_CLASS = YES_ERROR;
				CLANG_WARN_RANGE_LOOP_ANALYSIS = YES;
				CLANG_WARN_STRICT_PROTOTYPES = YES;
				CLANG_WARN_SUSPICIOUS_MOVE = YES;
				CLANG_WARN_UNGUARDED_AVAILABILITY = YES_AGGRESSIVE;
				CLANG_WARN_UNREACHABLE_CODE = YES;
				CLANG_WARN__DUPLICATE_METHOD_MATCH = YES;
				COPY_PHASE_STRIP = NO;
				DEBUG_INFORMATION_FORMAT = "dwarf-with-dsym";
				ENABLE_NS_ASSERTIONS = NO;
				ENABLE_STRICT_OBJC_MSGSEND = YES;
				GCC_C_LANGUAGE_STANDARD = gnu11;
				GCC_NO_COMMON_BLOCKS = YES;
				GCC_WARN_64_TO_32_BIT_CONVERSION = YES;
				GCC_WARN_ABOUT_RETURN_TYPE = YES_ERROR;
				GCC_WARN_UNDECLARED_SELECTOR = YES;
				GCC_WARN_UNINITIALIZED_AUTOS = YES_AGGRESSIVE;
				GCC_WARN_UNUSED_FUNCTION = YES;
				GCC_WARN_UNUSED_VARIABLE = YES;
				MACOSX_DEPLOYMENT_TARGET = 10.15;
				MTL_ENABLE_DEBUG_INFO = NO;
				MTL_FAST_MATH = YES;
				SDKROOT = macosx;
				SWIFT_COMPILATION_MODE = wholemodule;
				SWIFT_OPTIMIZATION_LEVEL = "-O";
			};
			name = Release;
		};
		DE94EB5724B6082500D5621F /* Debug */ = {
			isa = XCBuildConfiguration;
			buildSettings = {
				ASSETCATALOG_COMPILER_APPICON_NAME = AppIcon;
				CODE_SIGN_ENTITLEMENTS = PingBuddy/PingBuddy.entitlements;
				CODE_SIGN_STYLE = Automatic;
				COMBINE_HIDPI_IMAGES = YES;
				CURRENT_PROJECT_VERSION = 9;
				DEVELOPMENT_ASSET_PATHS = "\"PingBuddy/Preview Content\"";
				DEVELOPMENT_TEAM = 8XUBC9X249;
				ENABLE_HARDENED_RUNTIME = YES;
				ENABLE_PREVIEWS = YES;
				INFOPLIST_FILE = PingBuddy/Info.plist;
				LD_RUNPATH_SEARCH_PATHS = (
					"$(inherited)",
					"@executable_path/../Frameworks",
				);
				MACOSX_DEPLOYMENT_TARGET = 10.15;
				MARKETING_VERSION = 1.1;
				PRODUCT_BUNDLE_IDENTIFIER = com.tlr.PingBuddy;
				PRODUCT_NAME = "$(TARGET_NAME)";
				SWIFT_VERSION = 5.0;
			};
			name = Debug;
		};
		DE94EB5824B6082500D5621F /* Release */ = {
			isa = XCBuildConfiguration;
			buildSettings = {
				ASSETCATALOG_COMPILER_APPICON_NAME = AppIcon;
				CODE_SIGN_ENTITLEMENTS = PingBuddy/PingBuddy.entitlements;
				CODE_SIGN_STYLE = Automatic;
				COMBINE_HIDPI_IMAGES = YES;
				CURRENT_PROJECT_VERSION = 9;
				DEVELOPMENT_ASSET_PATHS = "\"PingBuddy/Preview Content\"";
				DEVELOPMENT_TEAM = 8XUBC9X249;
				ENABLE_HARDENED_RUNTIME = YES;
				ENABLE_PREVIEWS = YES;
				INFOPLIST_FILE = PingBuddy/Info.plist;
				LD_RUNPATH_SEARCH_PATHS = (
					"$(inherited)",
					"@executable_path/../Frameworks",
				);
				MACOSX_DEPLOYMENT_TARGET = 10.15;
				MARKETING_VERSION = 1.1;
				PRODUCT_BUNDLE_IDENTIFIER = com.tlr.PingBuddy;
				PRODUCT_NAME = "$(TARGET_NAME)";
				SWIFT_VERSION = 5.0;
			};
			name = Release;
		};
		DE94EB5A24B6082500D5621F /* Debug */ = {
			isa = XCBuildConfiguration;
			buildSettings = {
				ALWAYS_EMBED_SWIFT_STANDARD_LIBRARIES = YES;
				BUNDLE_LOADER = "$(TEST_HOST)";
				CODE_SIGN_STYLE = Automatic;
				COMBINE_HIDPI_IMAGES = YES;
				DEVELOPMENT_TEAM = 8XUBC9X249;
				INFOPLIST_FILE = PingBuddyTests/Info.plist;
				LD_RUNPATH_SEARCH_PATHS = (
					"$(inherited)",
					"@executable_path/../Frameworks",
					"@loader_path/../Frameworks",
				);
				MACOSX_DEPLOYMENT_TARGET = 10.15;
				PRODUCT_BUNDLE_IDENTIFIER = com.tlr.PingBuddyTests;
				PRODUCT_NAME = "$(TARGET_NAME)";
				SWIFT_VERSION = 5.0;
				TEST_HOST = "$(BUILT_PRODUCTS_DIR)/PingBuddy.app/Contents/MacOS/PingBuddy";
			};
			name = Debug;
		};
		DE94EB5B24B6082500D5621F /* Release */ = {
			isa = XCBuildConfiguration;
			buildSettings = {
				ALWAYS_EMBED_SWIFT_STANDARD_LIBRARIES = YES;
				BUNDLE_LOADER = "$(TEST_HOST)";
				CODE_SIGN_STYLE = Automatic;
				COMBINE_HIDPI_IMAGES = YES;
				DEVELOPMENT_TEAM = 8XUBC9X249;
				INFOPLIST_FILE = PingBuddyTests/Info.plist;
				LD_RUNPATH_SEARCH_PATHS = (
					"$(inherited)",
					"@executable_path/../Frameworks",
					"@loader_path/../Frameworks",
				);
				MACOSX_DEPLOYMENT_TARGET = 10.15;
				PRODUCT_BUNDLE_IDENTIFIER = com.tlr.PingBuddyTests;
				PRODUCT_NAME = "$(TARGET_NAME)";
				SWIFT_VERSION = 5.0;
				TEST_HOST = "$(BUILT_PRODUCTS_DIR)/PingBuddy.app/Contents/MacOS/PingBuddy";
			};
			name = Release;
		};
		DE94EB5D24B6082500D5621F /* Debug */ = {
			isa = XCBuildConfiguration;
			buildSettings = {
				ALWAYS_EMBED_SWIFT_STANDARD_LIBRARIES = YES;
				CODE_SIGN_STYLE = Automatic;
				COMBINE_HIDPI_IMAGES = YES;
				DEVELOPMENT_TEAM = 8XUBC9X249;
				INFOPLIST_FILE = PingBuddyUITests/Info.plist;
				LD_RUNPATH_SEARCH_PATHS = (
					"$(inherited)",
					"@executable_path/../Frameworks",
					"@loader_path/../Frameworks",
				);
				PRODUCT_BUNDLE_IDENTIFIER = com.tlr.PingBuddyUITests;
				PRODUCT_NAME = "$(TARGET_NAME)";
				SWIFT_VERSION = 5.0;
				TEST_TARGET_NAME = PingBuddy;
			};
			name = Debug;
		};
		DE94EB5E24B6082500D5621F /* Release */ = {
			isa = XCBuildConfiguration;
			buildSettings = {
				ALWAYS_EMBED_SWIFT_STANDARD_LIBRARIES = YES;
				CODE_SIGN_STYLE = Automatic;
				COMBINE_HIDPI_IMAGES = YES;
				DEVELOPMENT_TEAM = 8XUBC9X249;
				INFOPLIST_FILE = PingBuddyUITests/Info.plist;
				LD_RUNPATH_SEARCH_PATHS = (
					"$(inherited)",
					"@executable_path/../Frameworks",
					"@loader_path/../Frameworks",
				);
				PRODUCT_BUNDLE_IDENTIFIER = com.tlr.PingBuddyUITests;
				PRODUCT_NAME = "$(TARGET_NAME)";
				SWIFT_VERSION = 5.0;
				TEST_TARGET_NAME = PingBuddy;
			};
			name = Release;
		};
/* End XCBuildConfiguration section */

/* Begin XCConfigurationList section */
		DE44DFE624BF09E400F46B2C /* Build configuration list for PBXNativeTarget "PingBuddyLauncher" */ = {
			isa = XCConfigurationList;
			buildConfigurations = (
				DE44DFE724BF09E400F46B2C /* Debug */,
				DE44DFE824BF09E400F46B2C /* Release */,
			);
			defaultConfigurationIsVisible = 0;
			defaultConfigurationName = Release;
		};
		DE94EB2824B6081E00D5621F /* Build configuration list for PBXProject "PingBuddy" */ = {
			isa = XCConfigurationList;
			buildConfigurations = (
				DE94EB5424B6082500D5621F /* Debug */,
				DE94EB5524B6082500D5621F /* Release */,
			);
			defaultConfigurationIsVisible = 0;
			defaultConfigurationName = Release;
		};
		DE94EB5624B6082500D5621F /* Build configuration list for PBXNativeTarget "PingBuddy" */ = {
			isa = XCConfigurationList;
			buildConfigurations = (
				DE94EB5724B6082500D5621F /* Debug */,
				DE94EB5824B6082500D5621F /* Release */,
			);
			defaultConfigurationIsVisible = 0;
			defaultConfigurationName = Release;
		};
		DE94EB5924B6082500D5621F /* Build configuration list for PBXNativeTarget "PingBuddyTests" */ = {
			isa = XCConfigurationList;
			buildConfigurations = (
				DE94EB5A24B6082500D5621F /* Debug */,
				DE94EB5B24B6082500D5621F /* Release */,
			);
			defaultConfigurationIsVisible = 0;
			defaultConfigurationName = Release;
		};
		DE94EB5C24B6082500D5621F /* Build configuration list for PBXNativeTarget "PingBuddyUITests" */ = {
			isa = XCConfigurationList;
			buildConfigurations = (
				DE94EB5D24B6082500D5621F /* Debug */,
				DE94EB5E24B6082500D5621F /* Release */,
			);
			defaultConfigurationIsVisible = 0;
			defaultConfigurationName = Release;
		};
/* End XCConfigurationList section */
	};
	rootObject = DE94EB2524B6081E00D5621F /* Project object */;
}
